
Microsoft Visual Studio Solution File, Format Version 12.00
# Visual Studio 15
VisualStudioVersion = 15.0.26430.16
MinimumVisualStudioVersion = 10.0.40219.1
Project("{FAE04EC0-301F-11D3-BF4B-00C04F79EFBC}") = "WebApplication2", "WebApplication2\WebApplication2.csproj", "{15894FBF-261F-4502-85AD-1F6E7624E0CF}"
EndProject
Project("{FAE04EC0-301F-11D3-BF4B-00C04F79EFBC}") = "WebApplication2.Tests", "WebApplication2.Tests\WebApplication2.Tests.csproj", "{B715887D-9B52-422B-90E2-81F936D427DA}"
EndProject
Global
	GlobalSection(SolutionConfigurationPlatforms) = preSolution
		Debug|Any CPU = Debug|Any CPU
		Release|Any CPU = Release|Any CPU
	EndGlobalSection
	GlobalSection(ProjectConfigurationPlatforms) = postSolution
		{15894FBF-261F-4502-85AD-1F6E7624E0CF}.Debug|Any CPU.ActiveCfg = Debug|Any CPU
		{15894FBF-261F-4502-85AD-1F6E7624E0CF}.Debug|Any CPU.Build.0 = Debug|Any CPU
		{15894FBF-261F-4502-85AD-1F6E7624E0CF}.Release|Any CPU.ActiveCfg = Release|Any CPU
		{15894FBF-261F-4502-85AD-1F6E7624E0CF}.Release|Any CPU.Build.0 = Release|Any CPU
		{B715887D-9B52-422B-90E2-81F936D427DA}.Debug|Any CPU.ActiveCfg = Debug|Any CPU
		{B715887D-9B52-422B-90E2-81F936D427DA}.Debug|Any CPU.Build.0 = Debug|Any CPU
		{B715887D-9B52-422B-90E2-81F936D427DA}.Release|Any CPU.ActiveCfg = Release|Any CPU
		{B715887D-9B52-422B-90E2-81F936D427DA}.Release|Any CPU.Build.0 = Release|Any CPU
	EndGlobalSection
	GlobalSection(SolutionProperties) = preSolution
		HideSolutionNode = FALSE
	EndGlobalSection
EndGlobal
